
Microsoft Visual Studio Solution File, Format Version 12.00
Project("{FAE04EC0-301F-11D3-BF4B-00C04F79EFBC}") = "lab.dotnet7.webapi", "lab.dotnet7.webapi\lab.dotnet7.webapi.csproj", "{D185B2DE-2AA4-497F-80A1-5FCE135C9B4E}"
EndProject
Project("{FAE04EC0-301F-11D3-BF4B-00C04F79EFBC}") = "lab.gateway", "lab.gateway\lab.gateway.csproj", "{C6C8F669-1A77-48CB-971D-39A711C3E001}"
EndProject
Project("{FAE04EC0-301F-11D3-BF4B-00C04F79EFBC}") = "lab.dotnet6.webapi", "lab.dotnet6.webapi\lab.dotnet6.webapi.csproj", "{CFB54B73-8B68-4281-BC7C-4ED4C559C530}"
EndProject
Project("{FAE04EC0-301F-11D3-BF4B-00C04F79EFBC}") = "observability.component", "observability.component\observability.component.csproj", "{A63F92E2-F20E-44C0-876F-396AFE30C9E9}"
EndProject
Project("{FAE04EC0-301F-11D3-BF4B-00C04F79EFBC}") = "lab.component", "lab.component\lab.component.csproj", "{8F1E2233-F485-4273-AE85-D26AABC32CCF}"
EndProject
Project("{2150E333-8FDC-42A3-9474-1A3956D46DE8}") = "1. observability", "1. observability", "{82FBFE26-1506-4E11-A4D9-8D2A3D0A7400}"
EndProject
Project("{2150E333-8FDC-42A3-9474-1A3956D46DE8}") = "3. webapi", "3. webapi", "{9F524A8D-650E-4887-8FF8-9ED21709BBD9}"
EndProject
Project("{2150E333-8FDC-42A3-9474-1A3956D46DE8}") = "2. component", "2. component", "{05840281-76D7-4D3A-A81B-806920F9BC50}"
EndProject
Project("{2150E333-8FDC-42A3-9474-1A3956D46DE8}") = "4. gateway", "4. gateway", "{15285387-3BD2-4565-9E7D-F5BBC8E4B8AD}"
EndProject
Project("{FAE04EC0-301F-11D3-BF4B-00C04F79EFBC}") = "lab.outbound.webapi", "lab.outbound.webapi\lab.outbound.webapi.csproj", "{C2778272-EC28-465D-9000-E276AE11523F}"
EndProject
Project("{2150E333-8FDC-42A3-9474-1A3956D46DE8}") = "0. docker-compose", "0. docker-compose", "{6564FE7B-3F81-4998-8D74-CA16E2F0A344}"
	ProjectSection(SolutionItems) = preProject
		..\docker\docker-compose.yaml = ..\docker\docker-compose.yaml
	EndProjectSection
EndProject
Project("{2150E333-8FDC-42A3-9474-1A3956D46DE8}") = "5. swagger-ui", "5. swagger-ui", "{8E309C75-9F89-490A-9644-9D4C4454778E}"
EndProject
Project("{FAE04EC0-301F-11D3-BF4B-00C04F79EFBC}") = "lab.swagger", "lab.swagger\lab.swagger.csproj", "{29CABFCC-5991-4F4E-BE1D-8408F075FD11}"
EndProject
Global
	GlobalSection(SolutionConfigurationPlatforms) = preSolution
		Debug|Any CPU = Debug|Any CPU
		Release|Any CPU = Release|Any CPU
	EndGlobalSection
	GlobalSection(ProjectConfigurationPlatforms) = postSolution
		{D185B2DE-2AA4-497F-80A1-5FCE135C9B4E}.Debug|Any CPU.ActiveCfg = Debug|Any CPU
		{D185B2DE-2AA4-497F-80A1-5FCE135C9B4E}.Debug|Any CPU.Build.0 = Debug|Any CPU
		{D185B2DE-2AA4-497F-80A1-5FCE135C9B4E}.Release|Any CPU.ActiveCfg = Release|Any CPU
		{D185B2DE-2AA4-497F-80A1-5FCE135C9B4E}.Release|Any CPU.Build.0 = Release|Any CPU
		{C6C8F669-1A77-48CB-971D-39A711C3E001}.Debug|Any CPU.ActiveCfg = Debug|Any CPU
		{C6C8F669-1A77-48CB-971D-39A711C3E001}.Debug|Any CPU.Build.0 = Debug|Any CPU
		{C6C8F669-1A77-48CB-971D-39A711C3E001}.Release|Any CPU.ActiveCfg = Release|Any CPU
		{C6C8F669-1A77-48CB-971D-39A711C3E001}.Release|Any CPU.Build.0 = Release|Any CPU
		{CFB54B73-8B68-4281-BC7C-4ED4C559C530}.Debug|Any CPU.ActiveCfg = Debug|Any CPU
		{CFB54B73-8B68-4281-BC7C-4ED4C559C530}.Debug|Any CPU.Build.0 = Debug|Any CPU
		{CFB54B73-8B68-4281-BC7C-4ED4C559C530}.Release|Any CPU.ActiveCfg = Release|Any CPU
		{CFB54B73-8B68-4281-BC7C-4ED4C559C530}.Release|Any CPU.Build.0 = Release|Any CPU
		{A63F92E2-F20E-44C0-876F-396AFE30C9E9}.Debug|Any CPU.ActiveCfg = Debug|Any CPU
		{A63F92E2-F20E-44C0-876F-396AFE30C9E9}.Debug|Any CPU.Build.0 = Debug|Any CPU
		{A63F92E2-F20E-44C0-876F-396AFE30C9E9}.Release|Any CPU.ActiveCfg = Release|Any CPU
		{A63F92E2-F20E-44C0-876F-396AFE30C9E9}.Release|Any CPU.Build.0 = Release|Any CPU
		{8F1E2233-F485-4273-AE85-D26AABC32CCF}.Debug|Any CPU.ActiveCfg = Debug|Any CPU
		{8F1E2233-F485-4273-AE85-D26AABC32CCF}.Debug|Any CPU.Build.0 = Debug|Any CPU
		{8F1E2233-F485-4273-AE85-D26AABC32CCF}.Release|Any CPU.ActiveCfg = Release|Any CPU
		{8F1E2233-F485-4273-AE85-D26AABC32CCF}.Release|Any CPU.Build.0 = Release|Any CPU
		{C2778272-EC28-465D-9000-E276AE11523F}.Debug|Any CPU.ActiveCfg = Debug|Any CPU
		{C2778272-EC28-465D-9000-E276AE11523F}.Debug|Any CPU.Build.0 = Debug|Any CPU
		{C2778272-EC28-465D-9000-E276AE11523F}.Release|Any CPU.ActiveCfg = Release|Any CPU
		{C2778272-EC28-465D-9000-E276AE11523F}.Release|Any CPU.Build.0 = Release|Any CPU
		{29CABFCC-5991-4F4E-BE1D-8408F075FD11}.Debug|Any CPU.ActiveCfg = Debug|Any CPU
		{29CABFCC-5991-4F4E-BE1D-8408F075FD11}.Debug|Any CPU.Build.0 = Debug|Any CPU
		{29CABFCC-5991-4F4E-BE1D-8408F075FD11}.Release|Any CPU.ActiveCfg = Release|Any CPU
		{29CABFCC-5991-4F4E-BE1D-8408F075FD11}.Release|Any CPU.Build.0 = Release|Any CPU
	EndGlobalSection
	GlobalSection(NestedProjects) = preSolution
		{A63F92E2-F20E-44C0-876F-396AFE30C9E9} = {82FBFE26-1506-4E11-A4D9-8D2A3D0A7400}
		{CFB54B73-8B68-4281-BC7C-4ED4C559C530} = {9F524A8D-650E-4887-8FF8-9ED21709BBD9}
		{D185B2DE-2AA4-497F-80A1-5FCE135C9B4E} = {9F524A8D-650E-4887-8FF8-9ED21709BBD9}
		{C6C8F669-1A77-48CB-971D-39A711C3E001} = {15285387-3BD2-4565-9E7D-F5BBC8E4B8AD}
		{8F1E2233-F485-4273-AE85-D26AABC32CCF} = {05840281-76D7-4D3A-A81B-806920F9BC50}
		{C2778272-EC28-465D-9000-E276AE11523F} = {9F524A8D-650E-4887-8FF8-9ED21709BBD9}
		{29CABFCC-5991-4F4E-BE1D-8408F075FD11} = {8E309C75-9F89-490A-9644-9D4C4454778E}
	EndGlobalSection
EndGlobal
